
Microsoft Visual Studio Solution File, Format Version 12.00
# Visual Studio Version 16
VisualStudioVersion = 16.0.31402.337
MinimumVisualStudioVersion = 10.0.40219.1
Project("{9A19103F-16F7-4668-BE54-9A1E7A4F7556}") = "IThink.Sqlsugar.Core", "IThink.Sqlsugar.Core\IThink.Sqlsugar.Core.csproj", "{899C65E3-C5BE-4296-BF51-95E3A40694BA}"
EndProject
Project("{FAE04EC0-301F-11D3-BF4B-00C04F79EFBC}") = "IThink.Demo.WebApi", "IThink.Demo.WebApi\IThink.Demo.WebApi.csproj", "{10FE04DF-C95C-489A-90B1-B8F2E6EB4BE7}"
EndProject
Global
	GlobalSection(SolutionConfigurationPlatforms) = preSolution
		Debug|Any CPU = Debug|Any CPU
		Release|Any CPU = Release|Any CPU
	EndGlobalSection
	GlobalSection(ProjectConfigurationPlatforms) = postSolution
		{899C65E3-C5BE-4296-BF51-95E3A40694BA}.Debug|Any CPU.ActiveCfg = Debug|Any CPU
		{899C65E3-C5BE-4296-BF51-95E3A40694BA}.Debug|Any CPU.Build.0 = Debug|Any CPU
		{899C65E3-C5BE-4296-BF51-95E3A40694BA}.Release|Any CPU.ActiveCfg = Release|Any CPU
		{899C65E3-C5BE-4296-BF51-95E3A40694BA}.Release|Any CPU.Build.0 = Release|Any CPU
		{10FE04DF-C95C-489A-90B1-B8F2E6EB4BE7}.Debug|Any CPU.ActiveCfg = Debug|Any CPU
		{10FE04DF-C95C-489A-90B1-B8F2E6EB4BE7}.Debug|Any CPU.Build.0 = Debug|Any CPU
		{10FE04DF-C95C-489A-90B1-B8F2E6EB4BE7}.Release|Any CPU.ActiveCfg = Release|Any CPU
		{10FE04DF-C95C-489A-90B1-B8F2E6EB4BE7}.Release|Any CPU.Build.0 = Release|Any CPU
	EndGlobalSection
	GlobalSection(SolutionProperties) = preSolution
		HideSolutionNode = FALSE
	EndGlobalSection
	GlobalSection(ExtensibilityGlobals) = postSolution
		SolutionGuid = {4E508C3C-9951-4284-A1ED-55489B6F1C0A}
	EndGlobalSection
EndGlobal
